
Microsoft Visual Studio Solution File, Format Version 12.00
# Visual Studio Version 17
VisualStudioVersion = 17.0.32014.148
MinimumVisualStudioVersion = 10.0.40219.1
Project("{FAE04EC0-301F-11D3-BF4B-00C04F79EFBC}") = "AssemblerCompiler", "AssemblerCompiler\AssemblerCompiler.csproj", "{8977B4C9-46BD-4352-8772-2312603BA4A3}"
EndProject
Global
	GlobalSection(SolutionConfigurationPlatforms) = preSolution
		Debug|Any CPU = Debug|Any CPU
		Release|Any CPU = Release|Any CPU
	EndGlobalSection
	GlobalSection(ProjectConfigurationPlatforms) = postSolution
		{8977B4C9-46BD-4352-8772-2312603BA4A3}.Debug|Any CPU.ActiveCfg = Debug|Any CPU
		{8977B4C9-46BD-4352-8772-2312603BA4A3}.Debug|Any CPU.Build.0 = Debug|Any CPU
		{8977B4C9-46BD-4352-8772-2312603BA4A3}.Release|Any CPU.ActiveCfg = Release|Any CPU
		{8977B4C9-46BD-4352-8772-2312603BA4A3}.Release|Any CPU.Build.0 = Release|Any CPU
	EndGlobalSection
	GlobalSection(SolutionProperties) = preSolution
		HideSolutionNode = FALSE
	EndGlobalSection
	GlobalSection(ExtensibilityGlobals) = postSolution
		SolutionGuid = {8ADBE29B-206E-4564-9A69-0F3E56F21C15}
	EndGlobalSection
EndGlobal
